
Microsoft Visual Studio Solution File, Format Version 12.00
# Visual Studio Version 16
VisualStudioVersion = 16.0.31515.178
MinimumVisualStudioVersion = 10.0.40219.1
Project("{FAE04EC0-301F-11D3-BF4B-00C04F79EFBC}") = "3-1-1", "3-1\3-1-1.csproj", "{A1B12110-15DD-41EB-86D0-A163CE1FDDD0}"
EndProject
Project("{FAE04EC0-301F-11D3-BF4B-00C04F79EFBC}") = "3-1-2", "3-1-2\3-1-2.csproj", "{797E2E8C-63D3-447A-9D8B-724710B779C9}"
EndProject
Global
	GlobalSection(SolutionConfigurationPlatforms) = preSolution
		Debug|Any CPU = Debug|Any CPU
		Release|Any CPU = Release|Any CPU
	EndGlobalSection
	GlobalSection(ProjectConfigurationPlatforms) = postSolution
		{A1B12110-15DD-41EB-86D0-A163CE1FDDD0}.Debug|Any CPU.ActiveCfg = Debug|Any CPU
		{A1B12110-15DD-41EB-86D0-A163CE1FDDD0}.Debug|Any CPU.Build.0 = Debug|Any CPU
		{A1B12110-15DD-41EB-86D0-A163CE1FDDD0}.Release|Any CPU.ActiveCfg = Release|Any CPU
		{A1B12110-15DD-41EB-86D0-A163CE1FDDD0}.Release|Any CPU.Build.0 = Release|Any CPU
		{797E2E8C-63D3-447A-9D8B-724710B779C9}.Debug|Any CPU.ActiveCfg = Debug|Any CPU
		{797E2E8C-63D3-447A-9D8B-724710B779C9}.Debug|Any CPU.Build.0 = Debug|Any CPU
		{797E2E8C-63D3-447A-9D8B-724710B779C9}.Release|Any CPU.ActiveCfg = Release|Any CPU
		{797E2E8C-63D3-447A-9D8B-724710B779C9}.Release|Any CPU.Build.0 = Release|Any CPU
	EndGlobalSection
	GlobalSection(SolutionProperties) = preSolution
		HideSolutionNode = FALSE
	EndGlobalSection
	GlobalSection(ExtensibilityGlobals) = postSolution
		SolutionGuid = {5848C172-FD9B-4C94-AA5E-E0B30239C84C}
	EndGlobalSection
EndGlobal
